// !$*UTF8*$!
{
	archiveVersion = 1;
	classes = {
	};
	objectVersion = 56;
	objects = {

/* Begin PBXBuildFile section */
		0C874EC42B5ADF8B00746D82 /* BuyView.swift in Sources */ = {isa = PBXBuildFile; fileRef = 0C874EC32B5ADF8B00746D82 /* BuyView.swift */; };
		8C5F28052B5ADB7C000C44F7 /* CheckView.swift in Sources */ = {isa = PBXBuildFile; fileRef = 8C5F28042B5ADB7C000C44F7 /* CheckView.swift */; };
		8CFA61EC2B7297BD0067BA75 /* CheckViewModel.swift in Sources */ = {isa = PBXBuildFile; fileRef = 8CFA61EB2B7297BD0067BA75 /* CheckViewModel.swift */; };
		AABA35712B2235500030966B /* YearbookApp.swift in Sources */ = {isa = PBXBuildFile; fileRef = AABA35702B2235500030966B /* YearbookApp.swift */; };
		AABA35732B2235500030966B /* ContentView.swift in Sources */ = {isa = PBXBuildFile; fileRef = AABA35722B2235500030966B /* ContentView.swift */; };
		AABA35752B2235530030966B /* Assets.xcassets in Resources */ = {isa = PBXBuildFile; fileRef = AABA35742B2235530030966B /* Assets.xcassets */; };
		AABA35782B2235530030966B /* Preview Assets.xcassets in Resources */ = {isa = PBXBuildFile; fileRef = AABA35772B2235530030966B /* Preview Assets.xcassets */; };
		E10783552B87AF1A0051DF7E /* InfiniteCampusWebView.swift in Sources */ = {isa = PBXBuildFile; fileRef = E10783542B87AF1A0051DF7E /* InfiniteCampusWebView.swift */; };
		E11F78422B5ADA7500B4B83B /* ChoosePhotoView.swift in Sources */ = {isa = PBXBuildFile; fileRef = E11F78412B5ADA7500B4B83B /* ChoosePhotoView.swift */; };
		E133C7332BAB3E41007E7DA8 /* VipPhotosWebView.swift in Sources */ = {isa = PBXBuildFile; fileRef = E133C7322BAB3E41007E7DA8 /* VipPhotosWebView.swift */; };
		E136804A2B6D4FA4002E8EA5 /* GoogleService-Info.plist in Resources */ = {isa = PBXBuildFile; fileRef = E13680492B6D4FA4002E8EA5 /* GoogleService-Info.plist */; };
		E136804D2B6D5094002E8EA5 /* FirebaseAnalytics in Frameworks */ = {isa = PBXBuildFile; productRef = E136804C2B6D5094002E8EA5 /* FirebaseAnalytics */; };
		E136804F2B6D5094002E8EA5 /* FirebaseAnalyticsOnDeviceConversion in Frameworks */ = {isa = PBXBuildFile; productRef = E136804E2B6D5094002E8EA5 /* FirebaseAnalyticsOnDeviceConversion */; };
		E13680512B6D5094002E8EA5 /* FirebaseAnalyticsSwift in Frameworks */ = {isa = PBXBuildFile; productRef = E13680502B6D5094002E8EA5 /* FirebaseAnalyticsSwift */; };
		E13680532B6D5094002E8EA5 /* FirebaseAnalyticsWithoutAdIdSupport in Frameworks */ = {isa = PBXBuildFile; productRef = E13680522B6D5094002E8EA5 /* FirebaseAnalyticsWithoutAdIdSupport */; };
		E13680552B6D5094002E8EA5 /* FirebaseAppCheck in Frameworks */ = {isa = PBXBuildFile; productRef = E13680542B6D5094002E8EA5 /* FirebaseAppCheck */; };
		E1D4693D2B729FB3001F08CB /* FirebaseDatabase in Frameworks */ = {isa = PBXBuildFile; productRef = E1D4693C2B729FB3001F08CB /* FirebaseDatabase */; };
		E1D4693F2B729FB9001F08CB /* FirebaseDatabaseSwift in Frameworks */ = {isa = PBXBuildFile; productRef = E1D4693E2B729FB9001F08CB /* FirebaseDatabaseSwift */; };
		E1D469412B72A122001F08CB /* StudentModel.swift in Sources */ = {isa = PBXBuildFile; fileRef = E1D469402B72A122001F08CB /* StudentModel.swift */; };
/* End PBXBuildFile section */

/* Begin PBXFileReference section */
		0C874EC32B5ADF8B00746D82 /* BuyView.swift */ = {isa = PBXFileReference; lastKnownFileType = sourcecode.swift; path = BuyView.swift; sourceTree = "<group>"; };
		8C5F28042B5ADB7C000C44F7 /* CheckView.swift */ = {isa = PBXFileReference; lastKnownFileType = sourcecode.swift; path = CheckView.swift; sourceTree = "<group>"; };
		8CFA61EB2B7297BD0067BA75 /* CheckViewModel.swift */ = {isa = PBXFileReference; lastKnownFileType = sourcecode.swift; name = CheckViewModel.swift; path = "Preview Content/CheckViewModel.swift"; sourceTree = "<group>"; };
		AABA356D2B2235500030966B /* Yearbook.app */ = {isa = PBXFileReference; explicitFileType = wrapper.application; includeInIndex = 0; path = Yearbook.app; sourceTree = BUILT_PRODUCTS_DIR; };
		AABA35702B2235500030966B /* YearbookApp.swift */ = {isa = PBXFileReference; lastKnownFileType = sourcecode.swift; path = YearbookApp.swift; sourceTree = "<group>"; };
		AABA35722B2235500030966B /* ContentView.swift */ = {isa = PBXFileReference; lastKnownFileType = sourcecode.swift; path = ContentView.swift; sourceTree = "<group>"; };
		AABA35742B2235530030966B /* Assets.xcassets */ = {isa = PBXFileReference; lastKnownFileType = folder.assetcatalog; path = Assets.xcassets; sourceTree = "<group>"; };
		AABA35772B2235530030966B /* Preview Assets.xcassets */ = {isa = PBXFileReference; lastKnownFileType = folder.assetcatalog; path = "Preview Assets.xcassets"; sourceTree = "<group>"; };
		E10783542B87AF1A0051DF7E /* InfiniteCampusWebView.swift */ = {isa = PBXFileReference; lastKnownFileType = sourcecode.swift; path = InfiniteCampusWebView.swift; sourceTree = "<group>"; };
		E11F78412B5ADA7500B4B83B /* ChoosePhotoView.swift */ = {isa = PBXFileReference; lastKnownFileType = sourcecode.swift; path = ChoosePhotoView.swift; sourceTree = "<group>"; };
		E133C7322BAB3E41007E7DA8 /* VipPhotosWebView.swift */ = {isa = PBXFileReference; lastKnownFileType = sourcecode.swift; path = VipPhotosWebView.swift; sourceTree = "<group>"; };
		E13680492B6D4FA4002E8EA5 /* GoogleService-Info.plist */ = {isa = PBXFileReference; fileEncoding = 4; lastKnownFileType = text.plist.xml; path = "GoogleService-Info.plist"; sourceTree = "<group>"; };
		E1D469402B72A122001F08CB /* StudentModel.swift */ = {isa = PBXFileReference; lastKnownFileType = sourcecode.swift; path = StudentModel.swift; sourceTree = "<group>"; };
/* End PBXFileReference section */

/* Begin PBXFrameworksBuildPhase section */
		AABA356A2B2235500030966B /* Frameworks */ = {
			isa = PBXFrameworksBuildPhase;
			buildActionMask = 2147483647;
			files = (
				E1D4693F2B729FB9001F08CB /* FirebaseDatabaseSwift in Frameworks */,
				E1D4693D2B729FB3001F08CB /* FirebaseDatabase in Frameworks */,
				E13680512B6D5094002E8EA5 /* FirebaseAnalyticsSwift in Frameworks */,
				E136804D2B6D5094002E8EA5 /* FirebaseAnalytics in Frameworks */,
				E136804F2B6D5094002E8EA5 /* FirebaseAnalyticsOnDeviceConversion in Frameworks */,
				E13680552B6D5094002E8EA5 /* FirebaseAppCheck in Frameworks */,
				E13680532B6D5094002E8EA5 /* FirebaseAnalyticsWithoutAdIdSupport in Frameworks */,
			);
			runOnlyForDeploymentPostprocessing = 0;
		};
/* End PBXFrameworksBuildPhase section */

/* Begin PBXGroup section */
		AABA35642B2235500030966B = {
			isa = PBXGroup;
			children = (
				E10783542B87AF1A0051DF7E /* InfiniteCampusWebView.swift */,
				AABA356F2B2235500030966B /* Yearbook */,
				AABA356E2B2235500030966B /* Products */,
				E1D4693B2B729FB3001F08CB /* Frameworks */,
			);
			sourceTree = "<group>";
		};
		AABA356E2B2235500030966B /* Products */ = {
			isa = PBXGroup;
			children = (
				AABA356D2B2235500030966B /* Yearbook.app */,
			);
			name = Products;
			sourceTree = "<group>";
		};
		AABA356F2B2235500030966B /* Yearbook */ = {
			isa = PBXGroup;
			children = (
				AABA35702B2235500030966B /* YearbookApp.swift */,
				E133C7322BAB3E41007E7DA8 /* VipPhotosWebView.swift */,
				AABA35722B2235500030966B /* ContentView.swift */,
				0C874EC32B5ADF8B00746D82 /* BuyView.swift */,
				8C5F28042B5ADB7C000C44F7 /* CheckView.swift */,
				8CFA61EB2B7297BD0067BA75 /* CheckViewModel.swift */,
				E1D469402B72A122001F08CB /* StudentModel.swift */,
				E11F78412B5ADA7500B4B83B /* ChoosePhotoView.swift */,
				AABA35742B2235530030966B /* Assets.xcassets */,
				E13680492B6D4FA4002E8EA5 /* GoogleService-Info.plist */,
				AABA35762B2235530030966B /* Preview Content */,
			);
			path = Yearbook;
			sourceTree = "<group>";
		};
		AABA35762B2235530030966B /* Preview Content */ = {
			isa = PBXGroup;
			children = (
				AABA35772B2235530030966B /* Preview Assets.xcassets */,
			);
			path = "Preview Content";
			sourceTree = "<group>";
		};
		E1D4693B2B729FB3001F08CB /* Frameworks */ = {
			isa = PBXGroup;
			children = (
			);
			name = Frameworks;
			sourceTree = "<group>";
		};
/* End PBXGroup section */

/* Begin PBXNativeTarget section */
		AABA356C2B2235500030966B /* Yearbook */ = {
			isa = PBXNativeTarget;
			buildConfigurationList = AABA357B2B2235530030966B /* Build configuration list for PBXNativeTarget "Yearbook" */;
			buildPhases = (
				AABA35692B2235500030966B /* Sources */,
				AABA356A2B2235500030966B /* Frameworks */,
				AABA356B2B2235500030966B /* Resources */,
			);
			buildRules = (
			);
			dependencies = (
			);
			name = Yearbook;
			packageProductDependencies = (
				E136804C2B6D5094002E8EA5 /* FirebaseAnalytics */,
				E136804E2B6D5094002E8EA5 /* FirebaseAnalyticsOnDeviceConversion */,
				E13680502B6D5094002E8EA5 /* FirebaseAnalyticsSwift */,
				E13680522B6D5094002E8EA5 /* FirebaseAnalyticsWithoutAdIdSupport */,
				E13680542B6D5094002E8EA5 /* FirebaseAppCheck */,
				E1D4693C2B729FB3001F08CB /* FirebaseDatabase */,
				E1D4693E2B729FB9001F08CB /* FirebaseDatabaseSwift */,
			);
			productName = Yearbook;
			productReference = AABA356D2B2235500030966B /* Yearbook.app */;
			productType = "com.apple.product-type.application";
		};
/* End PBXNativeTarget section */

/* Begin PBXProject section */
		AABA35652B2235500030966B /* Project object */ = {
			isa = PBXProject;
			attributes = {
				BuildIndependentTargetsInParallel = 1;
				LastSwiftUpdateCheck = 1500;
				LastUpgradeCheck = 1500;
				TargetAttributes = {
					AABA356C2B2235500030966B = {
						CreatedOnToolsVersion = 15.0.1;
					};
				};
			};
			buildConfigurationList = AABA35682B2235500030966B /* Build configuration list for PBXProject "Yearbook" */;
			compatibilityVersion = "Xcode 14.0";
			developmentRegion = en;
			hasScannedForEncodings = 0;
			knownRegions = (
				en,
				Base,
			);
			mainGroup = AABA35642B2235500030966B;
			packageReferences = (
				E136804B2B6D5094002E8EA5 /* XCRemoteSwiftPackageReference "firebase-ios-sdk" */,
			);
			productRefGroup = AABA356E2B2235500030966B /* Products */;
			projectDirPath = "";
			projectRoot = "";
			targets = (
				AABA356C2B2235500030966B /* Yearbook */,
			);
		};
/* End PBXProject section */

/* Begin PBXResourcesBuildPhase section */
		AABA356B2B2235500030966B /* Resources */ = {
			isa = PBXResourcesBuildPhase;
			buildActionMask = 2147483647;
			files = (
				AABA35782B2235530030966B /* Preview Assets.xcassets in Resources */,
				AABA35752B2235530030966B /* Assets.xcassets in Resources */,
				E136804A2B6D4FA4002E8EA5 /* GoogleService-Info.plist in Resources */,
			);
			runOnlyForDeploymentPostprocessing = 0;
		};
/* End PBXResourcesBuildPhase section */

/* Begin PBXSourcesBuildPhase section */
		AABA35692B2235500030966B /* Sources */ = {
			isa = PBXSourcesBuildPhase;
			buildActionMask = 2147483647;
			files = (
				E1D469412B72A122001F08CB /* StudentModel.swift in Sources */,
				E10783552B87AF1A0051DF7E /* InfiniteCampusWebView.swift in Sources */,
				AABA35732B2235500030966B /* ContentView.swift in Sources */,
				E133C7332BAB3E41007E7DA8 /* VipPhotosWebView.swift in Sources */,
				8CFA61EC2B7297BD0067BA75 /* CheckViewModel.swift in Sources */,
				E11F78422B5ADA7500B4B83B /* ChoosePhotoView.swift in Sources */,
				AABA35712B2235500030966B /* YearbookApp.swift in Sources */,
				0C874EC42B5ADF8B00746D82 /* BuyView.swift in Sources */,
				8C5F28052B5ADB7C000C44F7 /* CheckView.swift in Sources */,
			);
			runOnlyForDeploymentPostprocessing = 0;
		};
/* End PBXSourcesBuildPhase section */

/* Begin XCBuildConfiguration section */
		AABA35792B2235530030966B /* Debug */ = {
			isa = XCBuildConfiguration;
			buildSettings = {
				ALWAYS_SEARCH_USER_PATHS = NO;
				ASSETCATALOG_COMPILER_GENERATE_SWIFT_ASSET_SYMBOL_EXTENSIONS = YES;
				CLANG_ANALYZER_NONNULL = YES;
				CLANG_ANALYZER_NUMBER_OBJECT_CONVERSION = YES_AGGRESSIVE;
				CLANG_CXX_LANGUAGE_STANDARD = "gnu++20";
				CLANG_ENABLE_MODULES = YES;
				CLANG_ENABLE_OBJC_ARC = YES;
				CLANG_ENABLE_OBJC_WEAK = YES;
				CLANG_WARN_BLOCK_CAPTURE_AUTORELEASING = YES;
				CLANG_WARN_BOOL_CONVERSION = YES;
				CLANG_WARN_COMMA = YES;
				CLANG_WARN_CONSTANT_CONVERSION = YES;
				CLANG_WARN_DEPRECATED_OBJC_IMPLEMENTATIONS = YES;
				CLANG_WARN_DIRECT_OBJC_ISA_USAGE = YES_ERROR;
				CLANG_WARN_DOCUMENTATION_COMMENTS = YES;
				CLANG_WARN_EMPTY_BODY = YES;
				CLANG_WARN_ENUM_CONVERSION = YES;
				CLANG_WARN_INFINITE_RECURSION = YES;
				CLANG_WARN_INT_CONVERSION = YES;
				CLANG_WARN_NON_LITERAL_NULL_CONVERSION = YES;
				CLANG_WARN_OBJC_IMPLICIT_RETAIN_SELF = YES;
				CLANG_WARN_OBJC_LITERAL_CONVERSION = YES;
				CLANG_WARN_OBJC_ROOT_CLASS = YES_ERROR;
				CLANG_WARN_QUOTED_INCLUDE_IN_FRAMEWORK_HEADER = YES;
				CLANG_WARN_RANGE_LOOP_ANALYSIS = YES;
				CLANG_WARN_STRICT_PROTOTYPES = YES;
				CLANG_WARN_SUSPICIOUS_MOVE = YES;
				CLANG_WARN_UNGUARDED_AVAILABILITY = YES_AGGRESSIVE;
				CLANG_WARN_UNREACHABLE_CODE = YES;
				CLANG_WARN__DUPLICATE_METHOD_MATCH = YES;
				COPY_PHASE_STRIP = NO;
				DEBUG_INFORMATION_FORMAT = dwarf;
				ENABLE_STRICT_OBJC_MSGSEND = YES;
				ENABLE_TESTABILITY = YES;
				ENABLE_USER_SCRIPT_SANDBOXING = YES;
				GCC_C_LANGUAGE_STANDARD = gnu17;
				GCC_DYNAMIC_NO_PIC = NO;
				GCC_NO_COMMON_BLOCKS = YES;
				GCC_OPTIMIZATION_LEVEL = 0;
				GCC_PREPROCESSOR_DEFINITIONS = (
					"DEBUG=1",
					"$(inherited)",
				);
				GCC_WARN_64_TO_32_BIT_CONVERSION = YES;
				GCC_WARN_ABOUT_RETURN_TYPE = YES_ERROR;
				GCC_WARN_UNDECLARED_SELECTOR = YES;
				GCC_WARN_UNINITIALIZED_AUTOS = YES_AGGRESSIVE;
				GCC_WARN_UNUSED_FUNCTION = YES;
				GCC_WARN_UNUSED_VARIABLE = YES;
				IPHONEOS_DEPLOYMENT_TARGET = 17.0;
				LOCALIZATION_PREFERS_STRING_CATALOGS = YES;
				MTL_ENABLE_DEBUG_INFO = INCLUDE_SOURCE;
				MTL_FAST_MATH = YES;
				ONLY_ACTIVE_ARCH = YES;
				SDKROOT = iphoneos;
				SWIFT_ACTIVE_COMPILATION_CONDITIONS = "DEBUG $(inherited)";
				SWIFT_OPTIMIZATION_LEVEL = "-Onone";
			};
			name = Debug;
		};
		AABA357A2B2235530030966B /* Release */ = {
			isa = XCBuildConfiguration;
			buildSettings = {
				ALWAYS_SEARCH_USER_PATHS = NO;
				ASSETCATALOG_COMPILER_GENERATE_SWIFT_ASSET_SYMBOL_EXTENSIONS = YES;
				CLANG_ANALYZER_NONNULL = YES;
				CLANG_ANALYZER_NUMBER_OBJECT_CONVERSION = YES_AGGRESSIVE;
				CLANG_CXX_LANGUAGE_STANDARD = "gnu++20";
				CLANG_ENABLE_MODULES = YES;
				CLANG_ENABLE_OBJC_ARC = YES;
				CLANG_ENABLE_OBJC_WEAK = YES;
				CLANG_WARN_BLOCK_CAPTURE_AUTORELEASING = YES;
				CLANG_WARN_BOOL_CONVERSION = YES;
				CLANG_WARN_COMMA = YES;
				CLANG_WARN_CONSTANT_CONVERSION = YES;
				CLANG_WARN_DEPRECATED_OBJC_IMPLEMENTATIONS = YES;
				CLANG_WARN_DIRECT_OBJC_ISA_USAGE = YES_ERROR;
				CLANG_WARN_DOCUMENTATION_COMMENTS = YES;
				CLANG_WARN_EMPTY_BODY = YES;
				CLANG_WARN_ENUM_CONVERSION = YES;
				CLANG_WARN_INFINITE_RECURSION = YES;
				CLANG_WARN_INT_CONVERSION = YES;
				CLANG_WARN_NON_LITERAL_NULL_CONVERSION = YES;
				CLANG_WARN_OBJC_IMPLICIT_RETAIN_SELF = YES;
				CLANG_WARN_OBJC_LITERAL_CONVERSION = YES;
				CLANG_WARN_OBJC_ROOT_CLASS = YES_ERROR;
				CLANG_WARN_QUOTED_INCLUDE_IN_FRAMEWORK_HEADER = YES;
				CLANG_WARN_RANGE_LOOP_ANALYSIS = YES;
				CLANG_WARN_STRICT_PROTOTYPES = YES;
				CLANG_WARN_SUSPICIOUS_MOVE = YES;
				CLANG_WARN_UNGUARDED_AVAILABILITY = YES_AGGRESSIVE;
				CLANG_WARN_UNREACHABLE_CODE = YES;
				CLANG_WARN__DUPLICATE_METHOD_MATCH = YES;
				COPY_PHASE_STRIP = NO;
				DEBUG_INFORMATION_FORMAT = "dwarf-with-dsym";
				ENABLE_NS_ASSERTIONS = NO;
				ENABLE_STRICT_OBJC_MSGSEND = YES;
				ENABLE_USER_SCRIPT_SANDBOXING = YES;
				GCC_C_LANGUAGE_STANDARD = gnu17;
				GCC_NO_COMMON_BLOCKS = YES;
				GCC_WARN_64_TO_32_BIT_CONVERSION = YES;
				GCC_WARN_ABOUT_RETURN_TYPE = YES_ERROR;
				GCC_WARN_UNDECLARED_SELECTOR = YES;
				GCC_WARN_UNINITIALIZED_AUTOS = YES_AGGRESSIVE;
				GCC_WARN_UNUSED_FUNCTION = YES;
				GCC_WARN_UNUSED_VARIABLE = YES;
				IPHONEOS_DEPLOYMENT_TARGET = 17.0;
				LOCALIZATION_PREFERS_STRING_CATALOGS = YES;
				MTL_ENABLE_DEBUG_INFO = NO;
				MTL_FAST_MATH = YES;
				SDKROOT = iphoneos;
				SWIFT_COMPILATION_MODE = wholemodule;
				VALIDATE_PRODUCT = YES;
			};
			name = Release;
		};
		AABA357C2B2235530030966B /* Debug */ = {
			isa = XCBuildConfiguration;
			buildSettings = {
				ASSETCATALOG_COMPILER_APPICON_NAME = AppIcon;
				ASSETCATALOG_COMPILER_GLOBAL_ACCENT_COLOR_NAME = AccentColor;
				CODE_SIGN_STYLE = Automatic;
				CURRENT_PROJECT_VERSION = 1;
				DEVELOPMENT_ASSET_PATHS = "\"Yearbook/Preview Content\"";
				ENABLE_PREVIEWS = YES;
				GENERATE_INFOPLIST_FILE = YES;
				INFOPLIST_KEY_UIApplicationSceneManifest_Generation = YES;
				INFOPLIST_KEY_UIApplicationSupportsIndirectInputEvents = YES;
				INFOPLIST_KEY_UILaunchScreen_Generation = YES;
				INFOPLIST_KEY_UISupportedInterfaceOrientations_iPad = "UIInterfaceOrientationPortrait UIInterfaceOrientationPortraitUpsideDown UIInterfaceOrientationLandscapeLeft UIInterfaceOrientationLandscapeRight";
				INFOPLIST_KEY_UISupportedInterfaceOrientations_iPhone = "UIInterfaceOrientationPortrait UIInterfaceOrientationLandscapeLeft UIInterfaceOrientationLandscapeRight";
				LD_RUNPATH_SEARCH_PATHS = (
					"$(inherited)",
					"@executable_path/Frameworks",
				);
				MARKETING_VERSION = 1.0;
				PRODUCT_BUNDLE_IDENTIFIER = org.jhhs.625106.Yearbook;
				PRODUCT_NAME = "$(TARGET_NAME)";
				SWIFT_EMIT_LOC_STRINGS = YES;
				SWIFT_VERSION = 5.0;
				TARGETED_DEVICE_FAMILY = "1,2";
			};
			name = Debug;
		};
		AABA357D2B2235530030966B /* Release */ = {
			isa = XCBuildConfiguration;
			buildSettings = {
				ASSETCATALOG_COMPILER_APPICON_NAME = AppIcon;
				ASSETCATALOG_COMPILER_GLOBAL_ACCENT_COLOR_NAME = AccentColor;
				CODE_SIGN_STYLE = Automatic;
				CURRENT_PROJECT_VERSION = 1;
				DEVELOPMENT_ASSET_PATHS = "\"Yearbook/Preview Content\"";
				ENABLE_PREVIEWS = YES;
				GENERATE_INFOPLIST_FILE = YES;
				INFOPLIST_KEY_UIApplicationSceneManifest_Generation = YES;
				INFOPLIST_KEY_UIApplicationSupportsIndirectInputEvents = YES;
				INFOPLIST_KEY_UILaunchScreen_Generation = YES;
				INFOPLIST_KEY_UISupportedInterfaceOrientations_iPad = "UIInterfaceOrientationPortrait UIInterfaceOrientationPortraitUpsideDown UIInterfaceOrientationLandscapeLeft UIInterfaceOrientationLandscapeRight";
				INFOPLIST_KEY_UISupportedInterfaceOrientations_iPhone = "UIInterfaceOrientationPortrait UIInterfaceOrientationLandscapeLeft UIInterfaceOrientationLandscapeRight";
				LD_RUNPATH_SEARCH_PATHS = (
					"$(inherited)",
					"@executable_path/Frameworks",
				);
				MARKETING_VERSION = 1.0;
				PRODUCT_BUNDLE_IDENTIFIER = org.jhhs.625106.Yearbook;
				PRODUCT_NAME = "$(TARGET_NAME)";
				SWIFT_EMIT_LOC_STRINGS = YES;
				SWIFT_VERSION = 5.0;
				TARGETED_DEVICE_FAMILY = "1,2";
			};
			name = Release;
		};
/* End XCBuildConfiguration section */

/* Begin XCConfigurationList section */
		AABA35682B2235500030966B /* Build configuration list for PBXProject "Yearbook" */ = {
			isa = XCConfigurationList;
			buildConfigurations = (
				AABA35792B2235530030966B /* Debug */,
				AABA357A2B2235530030966B /* Release */,
			);
			defaultConfigurationIsVisible = 0;
			defaultConfigurationName = Release;
		};
		AABA357B2B2235530030966B /* Build configuration list for PBXNativeTarget "Yearbook" */ = {
			isa = XCConfigurationList;
			buildConfigurations = (
				AABA357C2B2235530030966B /* Debug */,
				AABA357D2B2235530030966B /* Release */,
			);
			defaultConfigurationIsVisible = 0;
			defaultConfigurationName = Release;
		};
/* End XCConfigurationList section */

/* Begin XCRemoteSwiftPackageReference section */
		E136804B2B6D5094002E8EA5 /* XCRemoteSwiftPackageReference "firebase-ios-sdk" */ = {
			isa = XCRemoteSwiftPackageReference;
			repositoryURL = "https://github.com/firebase/firebase-ios-sdk";
			requirement = {
				kind = upToNextMajorVersion;
				minimumVersion = 10.20.0;
			};
		};
/* End XCRemoteSwiftPackageReference section */

/* Begin XCSwiftPackageProductDependency section */
		E136804C2B6D5094002E8EA5 /* FirebaseAnalytics */ = {
			isa = XCSwiftPackageProductDependency;
			package = E136804B2B6D5094002E8EA5 /* XCRemoteSwiftPackageReference "firebase-ios-sdk" */;
			productName = FirebaseAnalytics;
		};
		E136804E2B6D5094002E8EA5 /* FirebaseAnalyticsOnDeviceConversion */ = {
			isa = XCSwiftPackageProductDependency;
			package = E136804B2B6D5094002E8EA5 /* XCRemoteSwiftPackageReference "firebase-ios-sdk" */;
			productName = FirebaseAnalyticsOnDeviceConversion;
		};
		E13680502B6D5094002E8EA5 /* FirebaseAnalyticsSwift */ = {
			isa = XCSwiftPackageProductDependency;
			package = E136804B2B6D5094002E8EA5 /* XCRemoteSwiftPackageReference "firebase-ios-sdk" */;
			productName = FirebaseAnalyticsSwift;
		};
		E13680522B6D5094002E8EA5 /* FirebaseAnalyticsWithoutAdIdSupport */ = {
			isa = XCSwiftPackageProductDependency;
			package = E136804B2B6D5094002E8EA5 /* XCRemoteSwiftPackageReference "firebase-ios-sdk" */;
			productName = FirebaseAnalyticsWithoutAdIdSupport;
		};
		E13680542B6D5094002E8EA5 /* FirebaseAppCheck */ = {
			isa = XCSwiftPackageProductDependency;
			package = E136804B2B6D5094002E8EA5 /* XCRemoteSwiftPackageReference "firebase-ios-sdk" */;
			productName = FirebaseAppCheck;
		};
		E1D4693C2B729FB3001F08CB /* FirebaseDatabase */ = {
			isa = XCSwiftPackageProductDependency;
			package = E136804B2B6D5094002E8EA5 /* XCRemoteSwiftPackageReference "firebase-ios-sdk" */;
			productName = FirebaseDatabase;
		};
		E1D4693E2B729FB9001F08CB /* FirebaseDatabaseSwift */ = {
			isa = XCSwiftPackageProductDependency;
			package = E136804B2B6D5094002E8EA5 /* XCRemoteSwiftPackageReference "firebase-ios-sdk" */;
			productName = FirebaseDatabaseSwift;
		};
/* End XCSwiftPackageProductDependency section */
	};
	rootObject = AABA35652B2235500030966B /* Project object */;
}
